// !$*UTF8*$!
{
	archiveVersion = 1;
	classes = {
	};
	objectVersion = 48;
	objects = {

/* Begin PBXBuildFile section */
		12E05C581F7C827F00F1306D /* AppDelegate.swift in Sources */ = {isa = PBXBuildFile; fileRef = 12E05C571F7C827F00F1306D /* AppDelegate.swift */; };
		12E05C5A1F7C827F00F1306D /* ViewController.swift in Sources */ = {isa = PBXBuildFile; fileRef = 12E05C591F7C827F00F1306D /* ViewController.swift */; };
		12E05C5D1F7C827F00F1306D /* Main.storyboard in Resources */ = {isa = PBXBuildFile; fileRef = 12E05C5B1F7C827F00F1306D /* Main.storyboard */; };
		12E05C5F1F7C827F00F1306D /* Assets.xcassets in Resources */ = {isa = PBXBuildFile; fileRef = 12E05C5E1F7C827F00F1306D /* Assets.xcassets */; };
		12E05C621F7C827F00F1306D /* LaunchScreen.storyboard in Resources */ = {isa = PBXBuildFile; fileRef = 12E05C601F7C827F00F1306D /* LaunchScreen.storyboard */; };
		12E05C6E1F7C85E900F1306D /* libsqlite3.tbd in Frameworks */ = {isa = PBXBuildFile; fileRef = 12E05C6D1F7C85E900F1306D /* libsqlite3.tbd */; };
		12E05C701F7CAA9A00F1306D /* DetallVC.swift in Sources */ = {isa = PBXBuildFile; fileRef = 12E05C6F1F7CAA9A00F1306D /* DetallVC.swift */; };
		12E05C721F7CC79300F1306D /* iii.db in Resources */ = {isa = PBXBuildFile; fileRef = 12E05C711F7CC77E00F1306D /* iii.db */; };
		1BEDF7DA766E406BBEF6588E /* Pods_MyTravel.framework in Frameworks */ = {isa = PBXBuildFile; fileRef = 9BECBDF647E7D0E141A1853E /* Pods_MyTravel.framework */; };
/* End PBXBuildFile section */

/* Begin PBXFileReference section */
		12E05C541F7C827F00F1306D /* MyTravel.app */ = {isa = PBXFileReference; explicitFileType = wrapper.application; includeInIndex = 0; path = MyTravel.app; sourceTree = BUILT_PRODUCTS_DIR; };
		12E05C571F7C827F00F1306D /* AppDelegate.swift */ = {isa = PBXFileReference; lastKnownFileType = sourcecode.swift; path = AppDelegate.swift; sourceTree = "<group>"; };
		12E05C591F7C827F00F1306D /* ViewController.swift */ = {isa = PBXFileReference; lastKnownFileType = sourcecode.swift; path = ViewController.swift; sourceTree = "<group>"; };
		12E05C5C1F7C827F00F1306D /* Base */ = {isa = PBXFileReference; lastKnownFileType = file.storyboard; name = Base; path = Base.lproj/Main.storyboard; sourceTree = "<group>"; };
		12E05C5E1F7C827F00F1306D /* Assets.xcassets */ = {isa = PBXFileReference; lastKnownFileType = folder.assetcatalog; path = Assets.xcassets; sourceTree = "<group>"; };
		12E05C611F7C827F00F1306D /* Base */ = {isa = PBXFileReference; lastKnownFileType = file.storyboard; name = Base; path = Base.lproj/LaunchScreen.storyboard; sourceTree = "<group>"; };
		12E05C631F7C827F00F1306D /* Info.plist */ = {isa = PBXFileReference; lastKnownFileType = text.plist.xml; path = Info.plist; sourceTree = "<group>"; };
		12E05C6A1F7C854400F1306D /* Header.h */ = {isa = PBXFileReference; lastKnownFileType = sourcecode.c.h; path = Header.h; sourceTree = "<group>"; };
		12E05C6D1F7C85E900F1306D /* libsqlite3.tbd */ = {isa = PBXFileReference; lastKnownFileType = "sourcecode.text-based-dylib-definition"; name = libsqlite3.tbd; path = usr/lib/libsqlite3.tbd; sourceTree = SDKROOT; };
		12E05C6F1F7CAA9A00F1306D /* DetallVC.swift */ = {isa = PBXFileReference; lastKnownFileType = sourcecode.swift; path = DetallVC.swift; sourceTree = "<group>"; };
		12E05C711F7CC77E00F1306D /* iii.db */ = {isa = PBXFileReference; lastKnownFileType = file; name = iii.db; path = ../../../../iii.db; sourceTree = "<group>"; };
		4E49455662C8E4FFE4940FD6 /* Pods-MyTravel.debug.xcconfig */ = {isa = PBXFileReference; includeInIndex = 1; lastKnownFileType = text.xcconfig; name = "Pods-MyTravel.debug.xcconfig"; path = "Pods/Target Support Files/Pods-MyTravel/Pods-MyTravel.debug.xcconfig"; sourceTree = "<group>"; };
		9BECBDF647E7D0E141A1853E /* Pods_MyTravel.framework */ = {isa = PBXFileReference; explicitFileType = wrapper.framework; includeInIndex = 0; path = Pods_MyTravel.framework; sourceTree = BUILT_PRODUCTS_DIR; };
		F68317D12FC20F749A9B729D /* Pods-MyTravel.release.xcconfig */ = {isa = PBXFileReference; includeInIndex = 1; lastKnownFileType = text.xcconfig; name = "Pods-MyTravel.release.xcconfig"; path = "Pods/Target Support Files/Pods-MyTravel/Pods-MyTravel.release.xcconfig"; sourceTree = "<group>"; };
/* End PBXFileReference section */

/* Begin PBXFrameworksBuildPhase section */
		12E05C511F7C827F00F1306D /* Frameworks */ = {
			isa = PBXFrameworksBuildPhase;
			buildActionMask = 2147483647;
			files = (
				12E05C6E1F7C85E900F1306D /* libsqlite3.tbd in Frameworks */,
				1BEDF7DA766E406BBEF6588E /* Pods_MyTravel.framework in Frameworks */,
			);
			runOnlyForDeploymentPostprocessing = 0;
		};
/* End PBXFrameworksBuildPhase section */

/* Begin PBXGroup section */
		12E05C4B1F7C827E00F1306D = {
			isa = PBXGroup;
			children = (
				12E05C561F7C827F00F1306D /* MyTravel */,
				12E05C551F7C827F00F1306D /* Products */,
				12E05C6C1F7C85E900F1306D /* Frameworks */,
				870789101CDBBF148280768A /* Pods */,
			);
			sourceTree = "<group>";
		};
		12E05C551F7C827F00F1306D /* Products */ = {
			isa = PBXGroup;
			children = (
				12E05C541F7C827F00F1306D /* MyTravel.app */,
			);
			name = Products;
			sourceTree = "<group>";
		};
		12E05C561F7C827F00F1306D /* MyTravel */ = {
			isa = PBXGroup;
			children = (
				12E05C571F7C827F00F1306D /* AppDelegate.swift */,
				12E05C591F7C827F00F1306D /* ViewController.swift */,
				12E05C6F1F7CAA9A00F1306D /* DetallVC.swift */,
				12E05C5B1F7C827F00F1306D /* Main.storyboard */,
				12E05C711F7CC77E00F1306D /* iii.db */,
				12E05C5E1F7C827F00F1306D /* Assets.xcassets */,
				12E05C601F7C827F00F1306D /* LaunchScreen.storyboard */,
				12E05C631F7C827F00F1306D /* Info.plist */,
				12E05C6A1F7C854400F1306D /* Header.h */,
			);
			path = MyTravel;
			sourceTree = "<group>";
		};
		12E05C6C1F7C85E900F1306D /* Frameworks */ = {
			isa = PBXGroup;
			children = (
				12E05C6D1F7C85E900F1306D /* libsqlite3.tbd */,
				9BECBDF647E7D0E141A1853E /* Pods_MyTravel.framework */,
			);
			name = Frameworks;
			sourceTree = "<group>";
		};
		870789101CDBBF148280768A /* Pods */ = {
			isa = PBXGroup;
			children = (
				4E49455662C8E4FFE4940FD6 /* Pods-MyTravel.debug.xcconfig */,
				F68317D12FC20F749A9B729D /* Pods-MyTravel.release.xcconfig */,
			);
			name = Pods;
			sourceTree = "<group>";
		};
/* End PBXGroup section */

/* Begin PBXNativeTarget section */
		12E05C531F7C827F00F1306D /* MyTravel */ = {
			isa = PBXNativeTarget;
			buildConfigurationList = 12E05C661F7C827F00F1306D /* Build configuration list for PBXNativeTarget "MyTravel" */;
			buildPhases = (
				611E9D457F9F1DA70289B626 /* [CP] Check Pods Manifest.lock */,
				12E05C501F7C827F00F1306D /* Sources */,
				12E05C511F7C827F00F1306D /* Frameworks */,
				12E05C521F7C827F00F1306D /* Resources */,
				C78A3CB1C77C023302ED0ADF /* [CP] Embed Pods Frameworks */,
				7FBF4131184F33905E163061 /* [CP] Copy Pods Resources */,
			);
			buildRules = (
			);
			dependencies = (
			);
			name = MyTravel;
			productName = MyTravel;
			productReference = 12E05C541F7C827F00F1306D /* MyTravel.app */;
			productType = "com.apple.product-type.application";
		};
/* End PBXNativeTarget section */

/* Begin PBXProject section */
		12E05C4C1F7C827E00F1306D /* Project object */ = {
			isa = PBXProject;
			attributes = {
				LastSwiftUpdateCheck = 0900;
				LastUpgradeCheck = 0900;
				ORGANIZATIONNAME = "江宗益";
				TargetAttributes = {
					12E05C531F7C827F00F1306D = {
						CreatedOnToolsVersion = 9.0;
						ProvisioningStyle = Automatic;
					};
				};
			};
			buildConfigurationList = 12E05C4F1F7C827E00F1306D /* Build configuration list for PBXProject "MyTravel" */;
			compatibilityVersion = "Xcode 8.0";
			developmentRegion = en;
			hasScannedForEncodings = 0;
			knownRegions = (
				en,
				Base,
			);
			mainGroup = 12E05C4B1F7C827E00F1306D;
			productRefGroup = 12E05C551F7C827F00F1306D /* Products */;
			projectDirPath = "";
			projectRoot = "";
			targets = (
				12E05C531F7C827F00F1306D /* MyTravel */,
			);
		};
/* End PBXProject section */

/* Begin PBXResourcesBuildPhase section */
		12E05C521F7C827F00F1306D /* Resources */ = {
			isa = PBXResourcesBuildPhase;
			buildActionMask = 2147483647;
			files = (
				12E05C721F7CC79300F1306D /* iii.db in Resources */,
				12E05C621F7C827F00F1306D /* LaunchScreen.storyboard in Resources */,
				12E05C5F1F7C827F00F1306D /* Assets.xcassets in Resources */,
				12E05C5D1F7C827F00F1306D /* Main.storyboard in Resources */,
			);
			runOnlyForDeploymentPostprocessing = 0;
		};
/* End PBXResourcesBuildPhase section */

/* Begin PBXShellScriptBuildPhase section */
		611E9D457F9F1DA70289B626 /* [CP] Check Pods Manifest.lock */ = {
			isa = PBXShellScriptBuildPhase;
			buildActionMask = 2147483647;
			files = (
			);
			inputPaths = (
				"${PODS_PODFILE_DIR_PATH}/Podfile.lock",
				"${PODS_ROOT}/Manifest.lock",
			);
			name = "[CP] Check Pods Manifest.lock";
			outputPaths = (
				"$(DERIVED_FILE_DIR)/Pods-MyTravel-checkManifestLockResult.txt",
			);
			runOnlyForDeploymentPostprocessing = 0;
			shellPath = /bin/sh;
			shellScript = "diff \"${PODS_PODFILE_DIR_PATH}/Podfile.lock\" \"${PODS_ROOT}/Manifest.lock\" > /dev/null\nif [ $? != 0 ] ; then\n    # print error to STDERR\n    echo \"error: The sandbox is not in sync with the Podfile.lock. Run 'pod install' or update your CocoaPods installation.\" >&2\n    exit 1\nfi\n# This output is used by Xcode 'outputs' to avoid re-running this script phase.\necho \"SUCCESS\" > \"${SCRIPT_OUTPUT_FILE_0}\"\n";
			showEnvVarsInLog = 0;
		};
		7FBF4131184F33905E163061 /* [CP] Copy Pods Resources */ = {
			isa = PBXShellScriptBuildPhase;
			buildActionMask = 2147483647;
			files = (
			);
			inputPaths = (
			);
			name = "[CP] Copy Pods Resources";
			outputPaths = (
			);
			runOnlyForDeploymentPostprocessing = 0;
			shellPath = /bin/sh;
			shellScript = "\"${SRCROOT}/Pods/Target Support Files/Pods-MyTravel/Pods-MyTravel-resources.sh\"\n";
			showEnvVarsInLog = 0;
		};
		C78A3CB1C77C023302ED0ADF /* [CP] Embed Pods Frameworks */ = {
			isa = PBXShellScriptBuildPhase;
			buildActionMask = 2147483647;
			files = (
			);
			inputPaths = (
				"${SRCROOT}/Pods/Target Support Files/Pods-MyTravel/Pods-MyTravel-frameworks.sh",
				"${BUILT_PRODUCTS_DIR}/Alamofire/Alamofire.framework",
			);
			name = "[CP] Embed Pods Frameworks";
			outputPaths = (
				"${TARGET_BUILD_DIR}/${FRAMEWORKS_FOLDER_PATH}/Alamofire.framework",
			);
			runOnlyForDeploymentPostprocessing = 0;
			shellPath = /bin/sh;
			shellScript = "\"${SRCROOT}/Pods/Target Support Files/Pods-MyTravel/Pods-MyTravel-frameworks.sh\"\n";
			showEnvVarsInLog = 0;
		};
/* End PBXShellScriptBuildPhase section */

/* Begin PBXSourcesBuildPhase section */
		12E05C501F7C827F00F1306D /* Sources */ = {
			isa = PBXSourcesBuildPhase;
			buildActionMask = 2147483647;
			files = (
				12E05C5A1F7C827F00F1306D /* ViewController.swift in Sources */,
				12E05C581F7C827F00F1306D /* AppDelegate.swift in Sources */,
				12E05C701F7CAA9A00F1306D /* DetallVC.swift in Sources */,
			);
			runOnlyForDeploymentPostprocessing = 0;
		};
/* End PBXSourcesBuildPhase section */

/* Begin PBXVariantGroup section */
		12E05C5B1F7C827F00F1306D /* Main.storyboard */ = {
			isa = PBXVariantGroup;
			children = (
				12E05C5C1F7C827F00F1306D /* Base */,
			);
			name = Main.storyboard;
			sourceTree = "<group>";
		};
		12E05C601F7C827F00F1306D /* LaunchScreen.storyboard */ = {
			isa = PBXVariantGroup;
			children = (
				12E05C611F7C827F00F1306D /* Base */,
			);
			name = LaunchScreen.storyboard;
			sourceTree = "<group>";
		};
/* End PBXVariantGroup section */

/* Begin XCBuildConfiguration section */
		12E05C641F7C827F00F1306D /* Debug */ = {
			isa = XCBuildConfiguration;
			buildSettings = {
				ALWAYS_SEARCH_USER_PATHS = NO;
				CLANG_ANALYZER_NONNULL = YES;
				CLANG_ANALYZER_NUMBER_OBJECT_CONVERSION = YES_AGGRESSIVE;
				CLANG_CXX_LANGUAGE_STANDARD = "gnu++14";
				CLANG_CXX_LIBRARY = "libc++";
				CLANG_ENABLE_MODULES = YES;
				CLANG_ENABLE_OBJC_ARC = YES;
				CLANG_WARN_BLOCK_CAPTURE_AUTORELEASING = YES;
				CLANG_WARN_BOOL_CONVERSION = YES;
				CLANG_WARN_COMMA = YES;
				CLANG_WARN_CONSTANT_CONVERSION = YES;
				CLANG_WARN_DIRECT_OBJC_ISA_USAGE = YES_ERROR;
				CLANG_WARN_DOCUMENTATION_COMMENTS = YES;
				CLANG_WARN_EMPTY_BODY = YES;
				CLANG_WARN_ENUM_CONVERSION = YES;
				CLANG_WARN_INFINITE_RECURSION = YES;
				CLANG_WARN_INT_CONVERSION = YES;
				CLANG_WARN_NON_LITERAL_NULL_CONVERSION = YES;
				CLANG_WARN_OBJC_LITERAL_CONVERSION = YES;
				CLANG_WARN_OBJC_ROOT_CLASS = YES_ERROR;
				CLANG_WARN_RANGE_LOOP_ANALYSIS = YES;
				CLANG_WARN_STRICT_PROTOTYPES = YES;
				CLANG_WARN_SUSPICIOUS_MOVE = YES;
				CLANG_WARN_UNGUARDED_AVAILABILITY = YES_AGGRESSIVE;
				CLANG_WARN_UNREACHABLE_CODE = YES;
				CLANG_WARN__DUPLICATE_METHOD_MATCH = YES;
				CODE_SIGN_IDENTITY = "iPhone Developer";
				COPY_PHASE_STRIP = NO;
				DEBUG_INFORMATION_FORMAT = dwarf;
				ENABLE_STRICT_OBJC_MSGSEND = YES;
				ENABLE_TESTABILITY = YES;
				GCC_C_LANGUAGE_STANDARD = gnu11;
				GCC_DYNAMIC_NO_PIC = NO;
				GCC_NO_COMMON_BLOCKS = YES;
				GCC_OPTIMIZATION_LEVEL = 0;
				GCC_PREPROCESSOR_DEFINITIONS = (
					"DEBUG=1",
					"$(inherited)",
				);
				GCC_WARN_64_TO_32_BIT_CONVERSION = YES;
				GCC_WARN_ABOUT_RETURN_TYPE = YES_ERROR;
				GCC_WARN_UNDECLARED_SELECTOR = YES;
				GCC_WARN_UNINITIALIZED_AUTOS = YES_AGGRESSIVE;
				GCC_WARN_UNUSED_FUNCTION = YES;
				GCC_WARN_UNUSED_VARIABLE = YES;
				IPHONEOS_DEPLOYMENT_TARGET = 11.0;
				MTL_ENABLE_DEBUG_INFO = YES;
				ONLY_ACTIVE_ARCH = YES;
				SDKROOT = iphoneos;
				SWIFT_ACTIVE_COMPILATION_CONDITIONS = DEBUG;
				SWIFT_OPTIMIZATION_LEVEL = "-Onone";
			};
			name = Debug;
		};
		12E05C651F7C827F00F1306D /* Release */ = {
			isa = XCBuildConfiguration;
			buildSettings = {
				ALWAYS_SEARCH_USER_PATHS = NO;
				CLANG_ANALYZER_NONNULL = YES;
				CLANG_ANALYZER_NUMBER_OBJECT_CONVERSION = YES_AGGRESSIVE;
				CLANG_CXX_LANGUAGE_STANDARD = "gnu++14";
				CLANG_CXX_LIBRARY = "libc++";
				CLANG_ENABLE_MODULES = YES;
				CLANG_ENABLE_OBJC_ARC = YES;
				CLANG_WARN_BLOCK_CAPTURE_AUTORELEASING = YES;
				CLANG_WARN_BOOL_CONVERSION = YES;
				CLANG_WARN_COMMA = YES;
				CLANG_WARN_CONSTANT_CONVERSION = YES;
				CLANG_WARN_DIRECT_OBJC_ISA_USAGE = YES_ERROR;
				CLANG_WARN_DOCUMENTATION_COMMENTS = YES;
				CLANG_WARN_EMPTY_BODY = YES;
				CLANG_WARN_ENUM_CONVERSION = YES;
				CLANG_WARN_INFINITE_RECURSION = YES;
				CLANG_WARN_INT_CONVERSION = YES;
				CLANG_WARN_NON_LITERAL_NULL_CONVERSION = YES;
				CLANG_WARN_OBJC_LITERAL_CONVERSION = YES;
				CLANG_WARN_OBJC_ROOT_CLASS = YES_ERROR;
				CLANG_WARN_RANGE_LOOP_ANALYSIS = YES;
				CLANG_WARN_STRICT_PROTOTYPES = YES;
				CLANG_WARN_SUSPICIOUS_MOVE = YES;
				CLANG_WARN_UNGUARDED_AVAILABILITY = YES_AGGRESSIVE;
				CLANG_WARN_UNREACHABLE_CODE = YES;
				CLANG_WARN__DUPLICATE_METHOD_MATCH = YES;
				CODE_SIGN_IDENTITY = "iPhone Developer";
				COPY_PHASE_STRIP = NO;
				DEBUG_INFORMATION_FORMAT = "dwarf-with-dsym";
				ENABLE_NS_ASSERTIONS = NO;
				ENABLE_STRICT_OBJC_MSGSEND = YES;
				GCC_C_LANGUAGE_STANDARD = gnu11;
				GCC_NO_COMMON_BLOCKS = YES;
				GCC_WARN_64_TO_32_BIT_CONVERSION = YES;
				GCC_WARN_ABOUT_RETURN_TYPE = YES_ERROR;
				GCC_WARN_UNDECLARED_SELECTOR = YES;
				GCC_WARN_UNINITIALIZED_AUTOS = YES_AGGRESSIVE;
				GCC_WARN_UNUSED_FUNCTION = YES;
				GCC_WARN_UNUSED_VARIABLE = YES;
				IPHONEOS_DEPLOYMENT_TARGET = 11.0;
				MTL_ENABLE_DEBUG_INFO = NO;
				SDKROOT = iphoneos;
				SWIFT_OPTIMIZATION_LEVEL = "-Owholemodule";
				VALIDATE_PRODUCT = YES;
			};
			name = Release;
		};
		12E05C671F7C827F00F1306D /* Debug */ = {
			isa = XCBuildConfiguration;
			baseConfigurationReference = 4E49455662C8E4FFE4940FD6 /* Pods-MyTravel.debug.xcconfig */;
			buildSettings = {
				ASSETCATALOG_COMPILER_APPICON_NAME = AppIcon;
				CODE_SIGN_STYLE = Automatic;
				DEVELOPMENT_TEAM = BR25ZM5M9T;
				INFOPLIST_FILE = MyTravel/Info.plist;
				LD_RUNPATH_SEARCH_PATHS = "$(inherited) @executable_path/Frameworks";
				PRODUCT_BUNDLE_IDENTIFIER = tw.org.iii.MyTravel;
				PRODUCT_NAME = "$(TARGET_NAME)";
				SWIFT_OBJC_BRIDGING_HEADER = MyTravel/Header.h;
				SWIFT_VERSION = 4.0;
				TARGETED_DEVICE_FAMILY = "1,2";
			};
			name = Debug;
		};
		12E05C681F7C827F00F1306D /* Release */ = {
			isa = XCBuildConfiguration;
			baseConfigurationReference = F68317D12FC20F749A9B729D /* Pods-MyTravel.release.xcconfig */;
			buildSettings = {
				ASSETCATALOG_COMPILER_APPICON_NAME = AppIcon;
				CODE_SIGN_STYLE = Automatic;
				DEVELOPMENT_TEAM = BR25ZM5M9T;
				INFOPLIST_FILE = MyTravel/Info.plist;
				LD_RUNPATH_SEARCH_PATHS = "$(inherited) @executable_path/Frameworks";
				PRODUCT_BUNDLE_IDENTIFIER = tw.org.iii.MyTravel;
				PRODUCT_NAME = "$(TARGET_NAME)";
				SWIFT_OBJC_BRIDGING_HEADER = MyTravel/Header.h;
				SWIFT_VERSION = 4.0;
				TARGETED_DEVICE_FAMILY = "1,2";
			};
			name = Release;
		};
/* End XCBuildConfiguration section */

/* Begin XCConfigurationList section */
		12E05C4F1F7C827E00F1306D /* Build configuration list for PBXProject "MyTravel" */ = {
			isa = XCConfigurationList;
			buildConfigurations = (
				12E05C641F7C827F00F1306D /* Debug */,
				12E05C651F7C827F00F1306D /* Release */,
			);
			defaultConfigurationIsVisible = 0;
			defaultConfigurationName = Release;
		};
		12E05C661F7C827F00F1306D /* Build configuration list for PBXNativeTarget "MyTravel" */ = {
			isa = XCConfigurationList;
			buildConfigurations = (
				12E05C671F7C827F00F1306D /* Debug */,
				12E05C681F7C827F00F1306D /* Release */,
			);
			defaultConfigurationIsVisible = 0;
			defaultConfigurationName = Release;
		};
/* End XCConfigurationList section */
	};
	rootObject = 12E05C4C1F7C827E00F1306D /* Project object */;
}
